
Microsoft Visual Studio Solution File, Format Version 12.00
# Visual Studio Version 16
VisualStudioVersion = 16.0.31729.503
MinimumVisualStudioVersion = 10.0.40219.1
Project("{9A19103F-16F7-4668-BE54-9A1E7A4F7556}") = "EnnakkoTehtävä2", "EnnakkoTehtävä2.csproj", "{C123EBAB-5432-4136-B46D-CB7378A4830D}"
EndProject
Global
	GlobalSection(SolutionConfigurationPlatforms) = preSolution
		Debug|Any CPU = Debug|Any CPU
		Release|Any CPU = Release|Any CPU
	EndGlobalSection
	GlobalSection(ProjectConfigurationPlatforms) = postSolution
		{C123EBAB-5432-4136-B46D-CB7378A4830D}.Debug|Any CPU.ActiveCfg = Debug|Any CPU
		{C123EBAB-5432-4136-B46D-CB7378A4830D}.Debug|Any CPU.Build.0 = Debug|Any CPU
		{C123EBAB-5432-4136-B46D-CB7378A4830D}.Release|Any CPU.ActiveCfg = Release|Any CPU
		{C123EBAB-5432-4136-B46D-CB7378A4830D}.Release|Any CPU.Build.0 = Release|Any CPU
	EndGlobalSection
	GlobalSection(SolutionProperties) = preSolution
		HideSolutionNode = FALSE
	EndGlobalSection
	GlobalSection(ExtensibilityGlobals) = postSolution
		SolutionGuid = {9C0B1191-EB4F-4B48-BC8C-834419A366E1}
	EndGlobalSection
EndGlobal
